
Microsoft Visual Studio Solution File, Format Version 12.00
# Visual Studio Version 17
VisualStudioVersion = 17.3.32922.545
MinimumVisualStudioVersion = 10.0.40219.1
Project("{FAE04EC0-301F-11D3-BF4B-00C04F79EFBC}") = "DataModel", "DataModel\DataModel.csproj", "{D7D58D3F-D65C-46BC-8EE1-31CCBDCD56F4}"
EndProject
Project("{FAE04EC0-301F-11D3-BF4B-00C04F79EFBC}") = "DAL", "DAL\DAL.csproj", "{A86665D1-33A5-4228-A0E1-4F6D11063B8B}"
EndProject
Project("{FAE04EC0-301F-11D3-BF4B-00C04F79EFBC}") = "OP010", "2264-010\OP010.csproj", "{19502962-6455-4485-BCC3-2DA678E3DAEB}"
EndProject
Global
	GlobalSection(SolutionConfigurationPlatforms) = preSolution
		Debug|Any CPU = Debug|Any CPU
		Debug|x64 = Debug|x64
		Release|Any CPU = Release|Any CPU
		Release|x64 = Release|x64
	EndGlobalSection
	GlobalSection(ProjectConfigurationPlatforms) = postSolution
		{D7D58D3F-D65C-46BC-8EE1-31CCBDCD56F4}.Debug|Any CPU.ActiveCfg = Debug|Any CPU
		{D7D58D3F-D65C-46BC-8EE1-31CCBDCD56F4}.Debug|Any CPU.Build.0 = Debug|Any CPU
		{D7D58D3F-D65C-46BC-8EE1-31CCBDCD56F4}.Debug|x64.ActiveCfg = Debug|x64
		{D7D58D3F-D65C-46BC-8EE1-31CCBDCD56F4}.Debug|x64.Build.0 = Debug|x64
		{D7D58D3F-D65C-46BC-8EE1-31CCBDCD56F4}.Release|Any CPU.ActiveCfg = Release|Any CPU
		{D7D58D3F-D65C-46BC-8EE1-31CCBDCD56F4}.Release|Any CPU.Build.0 = Release|Any CPU
		{D7D58D3F-D65C-46BC-8EE1-31CCBDCD56F4}.Release|x64.ActiveCfg = Release|x64
		{D7D58D3F-D65C-46BC-8EE1-31CCBDCD56F4}.Release|x64.Build.0 = Release|x64
		{A86665D1-33A5-4228-A0E1-4F6D11063B8B}.Debug|Any CPU.ActiveCfg = Debug|Any CPU
		{A86665D1-33A5-4228-A0E1-4F6D11063B8B}.Debug|Any CPU.Build.0 = Debug|Any CPU
		{A86665D1-33A5-4228-A0E1-4F6D11063B8B}.Debug|x64.ActiveCfg = Debug|x64
		{A86665D1-33A5-4228-A0E1-4F6D11063B8B}.Debug|x64.Build.0 = Debug|x64
		{A86665D1-33A5-4228-A0E1-4F6D11063B8B}.Release|Any CPU.ActiveCfg = Release|Any CPU
		{A86665D1-33A5-4228-A0E1-4F6D11063B8B}.Release|Any CPU.Build.0 = Release|Any CPU
		{A86665D1-33A5-4228-A0E1-4F6D11063B8B}.Release|x64.ActiveCfg = Release|x64
		{A86665D1-33A5-4228-A0E1-4F6D11063B8B}.Release|x64.Build.0 = Release|x64
		{19502962-6455-4485-BCC3-2DA678E3DAEB}.Debug|Any CPU.ActiveCfg = Debug|Any CPU
		{19502962-6455-4485-BCC3-2DA678E3DAEB}.Debug|Any CPU.Build.0 = Debug|Any CPU
		{19502962-6455-4485-BCC3-2DA678E3DAEB}.Debug|x64.ActiveCfg = Debug|x64
		{19502962-6455-4485-BCC3-2DA678E3DAEB}.Debug|x64.Build.0 = Debug|x64
		{19502962-6455-4485-BCC3-2DA678E3DAEB}.Release|Any CPU.ActiveCfg = Release|Any CPU
		{19502962-6455-4485-BCC3-2DA678E3DAEB}.Release|Any CPU.Build.0 = Release|Any CPU
		{19502962-6455-4485-BCC3-2DA678E3DAEB}.Release|x64.ActiveCfg = Release|x64
		{19502962-6455-4485-BCC3-2DA678E3DAEB}.Release|x64.Build.0 = Release|x64
	EndGlobalSection
	GlobalSection(SolutionProperties) = preSolution
		HideSolutionNode = FALSE
	EndGlobalSection
	GlobalSection(ExtensibilityGlobals) = postSolution
		SolutionGuid = {276185E1-A0BD-4B99-A2FF-1CE4ACD317DF}
	EndGlobalSection
EndGlobal
